{
  "version": 4,
  "terraform_version": "1.1.3",
  "serial": 10,
  "lineage": "3fb8e7f5-610b-f520-1acd-38bd110a03f4",
  "outputs": {},
  "resources": [
    {
      "module": "module.Du_cluster",
      "mode": "data",
      "type": "google_service_account",
      "name": "myaccount",
      "provider": "provider[\"registry.terraform.io/hashicorp/google\"]",
      "instances": [
        {
          "schema_version": 0,
          "attributes": {
            "account_id": null,
            "display_name": null,
            "email": null,
            "id": null,
            "name": null,
            "project": null,
            "unique_id": null
          },
          "sensitive_attributes": []
        }
      ]
    },
    {
      "module": "module.Du_cluster",
      "mode": "managed",
      "type": "google_container_cluster",
      "name": "du-cluster",
      "provider": "provider[\"registry.terraform.io/hashicorp/google\"]",
      "instances": [
        {
          "schema_version": 1,
          "attributes": {
            "addons_config": [
              {
                "cloudrun_config": [],
                "dns_cache_config": [],
                "gce_persistent_disk_csi_driver_config": [
                  {
                    "enabled": true
                  }
                ],
                "gcp_filestore_csi_driver_config": [],
                "horizontal_pod_autoscaling": [],
                "http_load_balancing": [],
                "network_policy_config": [
                  {
                    "disabled": true
                  }
                ]
              }
            ],
            "authenticator_groups_config": [],
            "binary_authorization": [
              {
                "enabled": false,
                "evaluation_mode": ""
              }
            ],
            "cluster_autoscaling": [
              {
                "auto_provisioning_defaults": [],
                "enabled": false,
                "resource_limits": []
              }
            ],
            "cluster_ipv4_cidr": "10.48.0.0/14",
            "confidential_nodes": [],
            "database_encryption": [
              {
                "key_name": "",
                "state": "DECRYPTED"
              }
            ],
            "datapath_provider": "",
            "default_max_pods_per_node": null,
            "default_snat_status": [
              {
                "disabled": false
              }
            ],
            "description": "",
            "dns_config": [],
            "enable_autopilot": false,
            "enable_binary_authorization": false,
            "enable_intranode_visibility": false,
            "enable_kubernetes_alpha": false,
            "enable_legacy_abac": false,
            "enable_shielded_nodes": true,
            "enable_tpu": false,
            "endpoint": "35.246.110.212",
            "id": "projects/619997979506/locations/europe-west2-c/clusters/du-cluster",
            "initial_node_count": 1,
            "ip_allocation_policy": [],
            "label_fingerprint": "a9dc16a7",
            "location": "europe-west2-c",
            "logging_config": [
              {
                "enable_components": [
                  "SYSTEM_COMPONENTS",
                  "WORKLOADS"
                ]
              }
            ],
            "logging_service": "logging.googleapis.com/kubernetes",
            "maintenance_policy": [],
            "master_auth": [
              {
                "client_certificate": "",
                "client_certificate_config": [
                  {
                    "issue_client_certificate": false
                  }
                ],
                "client_key": "",
                "cluster_ca_certificate": "LS0tLS1CRUdJTiBDRVJUSUZJQ0FURS0tLS0tCk1JSUVMVENDQXBXZ0F3SUJBZ0lSQUt6NWtSOC9oTnJjNzJUWUJlWm9PSmt3RFFZSktvWklodmNOQVFFTEJRQXcKTHpFdE1Dc0dBMVVFQXhNa09XVTJPREV4WVRFdFpqWTRaaTAwT0RWbUxUZ3hORFl0TTJNeVpqSXlOV013T1dZNApNQ0FYRFRJeU1EZ3lNREl4TkRZeE0xb1lEekl3TlRJd09ERXlNakkwTmpFeldqQXZNUzB3S3dZRFZRUURFeVE1ClpUWTRNVEZoTVMxbU5qaG1MVFE0TldZdE9ERTBOaTB6WXpKbU1qSTFZekE1Wmpnd2dnR2lNQTBHQ1NxR1NJYjMKRFFFQkFRVUFBNElCandBd2dnR0tBb0lCZ1FDbTlobkUvdm80bStUUE1aUmVUMTFnM0JHcGRQaHMyeWF2NlNIYQpxemdwU1RVR2N3SW1TeTBXb3BTTEtqWFV0YnJUWW05Yk02TjQzRTlmdGtmUHlUbyszczhhQnF6eUxKUGdSUFpsCndIRWRrRktKcEtyUk1RRnhjOEtjd3Roc1pVV0NZOHo3ZjJsRWFocHNPY2JacTlkanA3MkpsZmxNOUdSeGJWNGYKc2RjZVlVNGRDNjBwU21nWHlPK0V6eFJuZm4wTW5yRXdjdDBVeGF6K3JVUUkrd2htMGUvbURSMmFWbTB0THBFOApiZXFrd2V2VHcyUHVabzlWb1J4QU8yeHNJOWtnUkhubkdFd1hnNzVEVDRSMm5GRGFKY0lmVnAwdDFwTk9mQ0lPCjZFT1N4R054UWVRcGQ5S1RrZE1kYmVMZVFEaEtzYzQyK2xEa0RqbWl4MzYvdXBpMnptT29VaENZb0tFY0N6eXkKdVR6Y1NtSzcwZ1IvdXpuUGhvWkRkOHh1MHcrTzdMa1d1dFFIcmorZVMwaUJQUFV4Ni9PdUN5aHdFMTh3WFl6UwpKV0dibEcxU0RxRjdrRWkvMDdkcHozRW1ZcnFyeVFkS3lHS21KNERTL1VCSU1CUGJ5Nk1LRXA3QWt2WG9UejN4CkJsNXFBNE15VTV2OXVXclJDdzZ5RFF4Q3JMTUNBd0VBQWFOQ01FQXdEZ1lEVlIwUEFRSC9CQVFEQWdJRU1BOEcKQTFVZEV3RUIvd1FGTUFNQkFmOHdIUVlEVlIwT0JCWUVGSTBpUURjWldqOEYrZDRGekI2b3hzY2RWYTZITUEwRwpDU3FHU0liM0RRRUJDd1VBQTRJQmdRQU5tM1Vhc2xQTytSNDBUVFhGTnREczdoY2N5a3U0WG9MTEVucGJUajIwCldhMHJrY3QwYXd6cm81eWlYOEJ1WEVZSTFHeURFcEI4NFF4eUJoWDBuQXYycXY2VDloRFBPeUM1Y3MwbUhiVUMKbGJkZzVhT0dxTXpOQytTM3BZSFNhOUpOeCtLWlFVMm9NZitvVU1kSHprSjdNWUM2SnE5eEd2dEFDb3Q4UWVpcApad1N2aHFUcUJyN0NvS2JFaDV4a3RXd0pnS1R3TDcxcVN3bFlmUUU4UG1WUUhkR1UzWDBZOUw1S0NOSXRmV29qClpTYkpoSDdQYjNtbnM0N2RacmhMNE0zRWUzL0VpN2p0QVpyNUZVL3YyWjk1V2JjT25JN0Nha0xnS1JCVjEvenAKcGxTNjZQYnEzSGxZbzRuWmJlNXI5czZScWpaZkdGSmlzTGpkUzRabTZYNk9KYTZwaUJlZkJxQVJlcmdYd0l2YQovaHZCaWJBdTQyc2dOMUxRQnRmMDJmUUVPNVl5cDcwZ2xCMWtTU0dhUW9qWC9rVUxBWEgvK0h3Y2VVYnFLU2FVCjlzUmdpak9BaUY5S2gvUE00K0pXcFA5Z2hGa0k0S1NpbkVzZyswYldpaGMxMiszVk8vWXJvVFB0RHFQZ1hrN2cKbHZLbDdvNmxyZWh4dlBrTVdGZXlLSVk9Ci0tLS0tRU5EIENFUlRJRklDQVRFLS0tLS0K"
              }
            ],
            "master_authorized_networks_config": [],
            "master_version": "1.22.10-gke.600",
            "mesh_certificates": [],
            "min_master_version": null,
            "monitoring_config": [
              {
                "enable_components": [
                  "SYSTEM_COMPONENTS"
                ]
              }
            ],
            "monitoring_service": "monitoring.googleapis.com/kubernetes",
            "name": "du-cluster",
            "network": "projects/du-poc/global/networks/default",
            "network_policy": [
              {
                "enabled": false,
                "provider": "PROVIDER_UNSPECIFIED"
              }
            ],
            "networking_mode": "ROUTES",
            "node_config": [],
            "node_locations": [],
            "node_pool": [],
            "node_version": "1.22.10-gke.600",
            "notification_config": [
              {
                "pubsub": [
                  {
                    "enabled": false,
                    "topic": ""
                  }
                ]
              }
            ],
            "operation": null,
            "private_cluster_config": [],
            "private_ipv6_google_access": "",
            "project": "619997979506",
            "release_channel": [
              {
                "channel": "REGULAR"
              }
            ],
            "remove_default_node_pool": true,
            "resource_labels": null,
            "resource_usage_export_config": [],
            "self_link": "https://container.googleapis.com/v1/projects/du-poc/zones/europe-west2-c/clusters/du-cluster",
            "services_ipv4_cidr": "10.51.240.0/20",
            "subnetwork": "projects/du-poc/regions/europe-west2/subnetworks/default",
            "timeouts": null,
            "tpu_ipv4_cidr_block": "",
            "vertical_pod_autoscaling": [],
            "workload_identity_config": []
          },
          "sensitive_attributes": [],
          "private": "eyJlMmJmYjczMC1lY2FhLTExZTYtOGY4OC0zNDM2M2JjN2M0YzAiOnsiY3JlYXRlIjoyNDAwMDAwMDAwMDAwLCJkZWxldGUiOjI0MDAwMDAwMDAwMDAsInJlYWQiOjI0MDAwMDAwMDAwMDAsInVwZGF0ZSI6MzYwMDAwMDAwMDAwMH0sInNjaGVtYV92ZXJzaW9uIjoiMSJ9"
        }
      ]
    },
    {
      "module": "module.Du_cluster",
      "mode": "managed",
      "type": "google_container_node_pool",
      "name": "du-node-pool",
      "provider": "provider[\"registry.terraform.io/hashicorp/google\"]",
      "instances": [
        {
          "schema_version": 1,
          "attributes": {
            "autoscaling": [],
            "cluster": "projects/619997979506/locations/europe-west2-c/clusters/du-cluster",
            "id": "projects/619997979506/locations/europe-west2-c/clusters/du-cluster/nodePools/du-node-pool",
            "initial_node_count": 3,
            "instance_group_urls": [
              "https://www.googleapis.com/compute/v1/projects/619997979506/zones/europe-west2-c/instanceGroupManagers/gke-du-cluster-du-node-pool-86c49967-grp"
            ],
            "location": "europe-west2-c",
            "managed_instance_group_urls": [
              "https://www.googleapis.com/compute/v1/projects/du-poc/zones/europe-west2-c/instanceGroups/gke-du-cluster-du-node-pool-86c49967-grp"
            ],
            "management": [
              {
                "auto_repair": true,
                "auto_upgrade": true
              }
            ],
            "max_pods_per_node": null,
            "name": "du-node-pool",
            "name_prefix": "",
            "node_config": [
              {
                "boot_disk_kms_key": "",
                "disk_size_gb": 100,
                "disk_type": "pd-standard",
                "gcfs_config": [],
                "guest_accelerator": [],
                "gvnic": [],
                "image_type": "UBUNTU_CONTAINERD",
                "labels": {},
                "local_ssd_count": 0,
                "machine_type": "e2-medium",
                "metadata": {
                  "disable-legacy-endpoints": "true"
                },
                "min_cpu_platform": "",
                "node_group": "",
                "oauth_scopes": [
                  "https://www.googleapis.com/auth/cloud-platform"
                ],
                "preemptible": true,
                "service_account": "default",
                "shielded_instance_config": [
                  {
                    "enable_integrity_monitoring": true,
                    "enable_secure_boot": false
                  }
                ],
                "spot": false,
                "tags": null,
                "taint": [],
                "workload_metadata_config": []
              }
            ],
            "node_count": 3,
            "node_locations": [
              "europe-west2-c"
            ],
            "operation": null,
            "project": "619997979506",
            "timeouts": null,
            "upgrade_settings": [
              {
                "max_surge": 1,
                "max_unavailable": 0
              }
            ],
            "version": "1.22.10-gke.600"
          },
          "sensitive_attributes": [],
          "private": "eyJlMmJmYjczMC1lY2FhLTExZTYtOGY4OC0zNDM2M2JjN2M0YzAiOnsiY3JlYXRlIjoxODAwMDAwMDAwMDAwLCJkZWxldGUiOjE4MDAwMDAwMDAwMDAsInVwZGF0ZSI6MTgwMDAwMDAwMDAwMH0sInNjaGVtYV92ZXJzaW9uIjoiMSJ9",
          "dependencies": [
            "module.Du_cluster.data.google_service_account.myaccount",
            "module.Du_cluster.google_container_cluster.du-cluster"
          ]
        }
      ]
    }
  ]
}
