{
  "version": 4,
  "terraform_version": "1.1.3",
  "serial": 18,
  "lineage": "3fb8e7f5-610b-f520-1acd-38bd110a03f4",
  "outputs": {},
  "resources": [
    {
      "mode": "managed",
      "type": "google_storage_bucket",
      "name": "default",
      "provider": "provider[\"registry.terraform.io/hashicorp/google\"]",
      "instances": [
        {
          "schema_version": 0,
          "attributes": {
            "cors": [],
            "default_event_based_hold": false,
            "encryption": [],
            "force_destroy": false,
            "id": "du-poc-github-backend-state",
            "labels": null,
            "lifecycle_rule": [],
            "location": "EUROPE-WEST2",
            "logging": [],
            "name": "du-poc-github-backend-state",
            "project": "619997979506",
            "requester_pays": false,
            "retention_policy": [],
            "self_link": "https://www.googleapis.com/storage/v1/b/du-poc-github-backend-state",
            "storage_class": "STANDARD",
            "timeouts": null,
            "uniform_bucket_level_access": false,
            "url": "gs://du-poc-github-backend-state",
            "versioning": [
              {
                "enabled": true
              }
            ],
            "website": []
          },
          "sensitive_attributes": [],
          "private": "eyJlMmJmYjczMC1lY2FhLTExZTYtOGY4OC0zNDM2M2JjN2M0YzAiOnsiY3JlYXRlIjoyNDAwMDAwMDAwMDAsInJlYWQiOjI0MDAwMDAwMDAwMCwidXBkYXRlIjoyNDAwMDAwMDAwMDB9fQ=="
        }
      ]
    },
    {
      "module": "module.Du_cluster",
      "mode": "data",
      "type": "google_service_account",
      "name": "myaccount",
      "provider": "provider[\"registry.terraform.io/hashicorp/google\"]",
      "instances": [
        {
          "schema_version": 0,
          "attributes": {
            "account_id": null,
            "display_name": null,
            "email": null,
            "id": null,
            "name": null,
            "project": null,
            "unique_id": null
          },
          "sensitive_attributes": []
        }
      ]
    },
    {
      "module": "module.Du_cluster",
      "mode": "managed",
      "type": "google_container_cluster",
      "name": "du-cluster",
      "provider": "provider[\"registry.terraform.io/hashicorp/google\"]",
      "instances": [
        {
          "schema_version": 1,
          "attributes": {
            "addons_config": [
              {
                "cloudrun_config": [],
                "dns_cache_config": [],
                "gce_persistent_disk_csi_driver_config": [
                  {
                    "enabled": true
                  }
                ],
                "gcp_filestore_csi_driver_config": [],
                "horizontal_pod_autoscaling": [],
                "http_load_balancing": [],
                "network_policy_config": [
                  {
                    "disabled": true
                  }
                ]
              }
            ],
            "authenticator_groups_config": [],
            "binary_authorization": [
              {
                "enabled": false,
                "evaluation_mode": ""
              }
            ],
            "cluster_autoscaling": [
              {
                "auto_provisioning_defaults": [],
                "enabled": false,
                "resource_limits": []
              }
            ],
            "cluster_ipv4_cidr": "10.48.0.0/14",
            "confidential_nodes": [],
            "database_encryption": [
              {
                "key_name": "",
                "state": "DECRYPTED"
              }
            ],
            "datapath_provider": "",
            "default_max_pods_per_node": null,
            "default_snat_status": [
              {
                "disabled": false
              }
            ],
            "description": "",
            "dns_config": [],
            "enable_autopilot": false,
            "enable_binary_authorization": false,
            "enable_intranode_visibility": false,
            "enable_kubernetes_alpha": false,
            "enable_legacy_abac": false,
            "enable_shielded_nodes": true,
            "enable_tpu": false,
            "endpoint": "34.105.176.13",
            "id": "projects/619997979506/locations/europe-west2-c/clusters/du-cluster",
            "initial_node_count": 1,
            "ip_allocation_policy": [],
            "label_fingerprint": "a9dc16a7",
            "location": "europe-west2-c",
            "logging_config": [
              {
                "enable_components": [
                  "SYSTEM_COMPONENTS",
                  "WORKLOADS"
                ]
              }
            ],
            "logging_service": "logging.googleapis.com/kubernetes",
            "maintenance_policy": [],
            "master_auth": [
              {
                "client_certificate": "",
                "client_certificate_config": [
                  {
                    "issue_client_certificate": false
                  }
                ],
                "client_key": "",
                "cluster_ca_certificate": "LS0tLS1CRUdJTiBDRVJUSUZJQ0FURS0tLS0tCk1JSUVMRENDQXBTZ0F3SUJBZ0lRT0NNY2trZVN1Z2FlT2l1K3dpeWlrREFOQmdrcWhraUc5dzBCQVFzRkFEQXYKTVMwd0t3WURWUVFERXlRd1pEaG1PVEE0TlMwMk16YzVMVFF6TURBdE9HWXhOUzB6TXpZeVltUTROVEUzTkRjdwpJQmNOTWpJd09ESXhNVGt6TmpJNVdoZ1BNakExTWpBNE1UTXlNRE0yTWpsYU1DOHhMVEFyQmdOVkJBTVRKREJrCk9HWTVNRGcxTFRZek56a3RORE13TUMwNFpqRTFMVE16TmpKaVpEZzFNVGMwTnpDQ0FhSXdEUVlKS29aSWh2Y04KQVFFQkJRQURnZ0dQQURDQ0FZb0NnZ0dCQU5taktpV0pxVDhpc1M0ejJaRTFpT2hWbDduNzFML2VnVUZLNGo5WgpHYlB5Y2FyZTJqdzBSTFhKaW1DZ0RjMzcrL0pkbFZNY3RjL2hKU0M3THoyVVVrYm54L2pVR3lET1Rwb3lmL2p3CitVSXcyVDV0c0FBcG1NNjJTd2k4UnVNTThYTWQrZVd3UE1vcGxtVkNqTGhpRWJiTXBRcEkwejAyWHNnVUNOQmwKSXJzSGVhY1Y4Q2JJRHJKTENyVUhRdXpQaklUc3dVS3U0ZDU3bkNMTFpGejQvRnZ0VStBM3ZyMmMyWTgyeW5KVQpCeWVTOEhIY1lFZjh4Q3RWVjZRNjhiQW5TdTZLQjMvZTY3TnYwc1JabHNCMHQ4MXVoUWtjVUNEYzRNcmJJdlhOCnhjR1QzMWE3MUNFVGhveDV2b1k0ZG9xbjF1MjBxaEdzWUJLL2Jnai9XTDJBeVBUYjBuQXNhRmhzK2pCcVE2WWwKQ3dkVFVxTkh6cjFxaExhcjhuMmcxUHhoZWtuYUZnMDVoU3o0L2hwV0JrRGVCdW8zOHF2Zk9mWkhmYzJXMEh0awowdmxyVGRZYlJ2a0k3MVowOHRwdk9uS2paaWkrWjJqbnlUdHc4NmVUOUY5ejl1eWRNcGdvK1RRU3phQXF0L2Z4ClM3ZzZ4ZXMwZnoxR1BsdDk2S1NPcDQ3Q2RRSURBUUFCbzBJd1FEQU9CZ05WSFE4QkFmOEVCQU1DQWdRd0R3WUQKVlIwVEFRSC9CQVV3QXdFQi96QWRCZ05WSFE0RUZnUVVBSEM3SUJGaDRVd2hHZjZaU1ZySjdlQWFYZW93RFFZSgpLb1pJaHZjTkFRRUxCUUFEZ2dHQkFEWXlxTDcrUzRId2NFYnVSTVIxVGZseUZoamdWRGowRXI3ZG9OL2k1YmI2CmljdXRyUlRyL3dUTjZ1ZXpOc1VOMitHdnhQQlVVb1ZSZ1R2MXIybnd0RmZwZUtPM01Ca29UV0Z6VTRwM0JxeGQKSEtEbUlzZXljT3Y4NXUzdFNhbG5MVjgxeXVkcHpvY1ZrdG1ZcktwNlNPU3BoYy9Qa2tXNkZKUTFzQ3plTFpjawo0Rm1mSnQxbEFyUWgwTlNXY0ZjNGJORzMrSERBZ0c0a2tkaGExVGJaK2UzcEZvWjZ1RHhoV0ErN3FEd080Q1hXCldqLzdER1ZnVlFhQ2Vpejh3V0FpeTJpVDQ4aHZLVjVXSFJ2LzhxT3RQRHRXa2htc2xudzNZYnNCcmxRZHU3eWwKU1IzYkhHUW5UMEhvOTQ3RWVpcklUbDFPZy84eGxyNG9GbWxnWWFGZXR1Q1k4SDNQTGdYN0VxeDRQMlBvNmxHKwpJaHk0QXR4bnQ5WlQ4TnpiYlg4Y2MzZVRDcTYzUTRHaXdFS1BjQ05jQ1RDamJtNWxkeW1qUFdHbE9jSmluVnhDCkFLbnhWbE96ZnVaVU9WYkVFWDF4RXdxdmVuQXo0VmZ5Ny9aazU0Q3VkNlUvRm9RbDBvVmNNZG5nMGloTEdpOW0KMjNCWlczMWxON2ova0x1UytwL3kyQT09Ci0tLS0tRU5EIENFUlRJRklDQVRFLS0tLS0K"
              }
            ],
            "master_authorized_networks_config": [],
            "master_version": "1.22.10-gke.600",
            "mesh_certificates": [],
            "min_master_version": null,
            "monitoring_config": [
              {
                "enable_components": [
                  "SYSTEM_COMPONENTS"
                ]
              }
            ],
            "monitoring_service": "monitoring.googleapis.com/kubernetes",
            "name": "du-cluster",
            "network": "projects/du-poc/global/networks/default",
            "network_policy": [
              {
                "enabled": false,
                "provider": "PROVIDER_UNSPECIFIED"
              }
            ],
            "networking_mode": "ROUTES",
            "node_config": [],
            "node_locations": [],
            "node_pool": [],
            "node_version": "1.22.10-gke.600",
            "notification_config": [
              {
                "pubsub": [
                  {
                    "enabled": false,
                    "topic": ""
                  }
                ]
              }
            ],
            "operation": null,
            "private_cluster_config": [],
            "private_ipv6_google_access": "",
            "project": "619997979506",
            "release_channel": [
              {
                "channel": "REGULAR"
              }
            ],
            "remove_default_node_pool": true,
            "resource_labels": null,
            "resource_usage_export_config": [],
            "self_link": "https://container.googleapis.com/v1/projects/du-poc/zones/europe-west2-c/clusters/du-cluster",
            "services_ipv4_cidr": "10.51.240.0/20",
            "subnetwork": "projects/du-poc/regions/europe-west2/subnetworks/default",
            "timeouts": null,
            "tpu_ipv4_cidr_block": "",
            "vertical_pod_autoscaling": [],
            "workload_identity_config": []
          },
          "sensitive_attributes": [],
          "private": "eyJlMmJmYjczMC1lY2FhLTExZTYtOGY4OC0zNDM2M2JjN2M0YzAiOnsiY3JlYXRlIjoyNDAwMDAwMDAwMDAwLCJkZWxldGUiOjI0MDAwMDAwMDAwMDAsInJlYWQiOjI0MDAwMDAwMDAwMDAsInVwZGF0ZSI6MzYwMDAwMDAwMDAwMH0sInNjaGVtYV92ZXJzaW9uIjoiMSJ9"
        }
      ]
    },
    {
      "module": "module.Du_cluster",
      "mode": "managed",
      "type": "google_container_node_pool",
      "name": "du-node-pool",
      "provider": "provider[\"registry.terraform.io/hashicorp/google\"]",
      "instances": [
        {
          "schema_version": 1,
          "attributes": {
            "autoscaling": [],
            "cluster": "projects/619997979506/locations/europe-west2-c/clusters/du-cluster",
            "id": "projects/619997979506/locations/europe-west2-c/clusters/du-cluster/nodePools/du-node-pool",
            "initial_node_count": 3,
            "instance_group_urls": [
              "https://www.googleapis.com/compute/v1/projects/619997979506/zones/europe-west2-c/instanceGroupManagers/gke-du-cluster-du-node-pool-0f007bf6-grp"
            ],
            "location": "europe-west2-c",
            "managed_instance_group_urls": [
              "https://www.googleapis.com/compute/v1/projects/du-poc/zones/europe-west2-c/instanceGroups/gke-du-cluster-du-node-pool-0f007bf6-grp"
            ],
            "management": [
              {
                "auto_repair": true,
                "auto_upgrade": true
              }
            ],
            "max_pods_per_node": null,
            "name": "du-node-pool",
            "name_prefix": "",
            "node_config": [
              {
                "boot_disk_kms_key": "",
                "disk_size_gb": 100,
                "disk_type": "pd-standard",
                "gcfs_config": [],
                "guest_accelerator": [],
                "gvnic": [],
                "image_type": "UBUNTU_CONTAINERD",
                "labels": {},
                "local_ssd_count": 0,
                "machine_type": "e2-medium",
                "metadata": {
                  "disable-legacy-endpoints": "true"
                },
                "min_cpu_platform": "",
                "node_group": "",
                "oauth_scopes": [
                  "https://www.googleapis.com/auth/cloud-platform"
                ],
                "preemptible": true,
                "service_account": "default",
                "shielded_instance_config": [
                  {
                    "enable_integrity_monitoring": true,
                    "enable_secure_boot": false
                  }
                ],
                "spot": false,
                "tags": null,
                "taint": [],
                "workload_metadata_config": []
              }
            ],
            "node_count": 3,
            "node_locations": [
              "europe-west2-c"
            ],
            "operation": null,
            "project": "619997979506",
            "timeouts": null,
            "upgrade_settings": [
              {
                "max_surge": 1,
                "max_unavailable": 0
              }
            ],
            "version": "1.22.10-gke.600"
          },
          "sensitive_attributes": [],
          "private": "eyJlMmJmYjczMC1lY2FhLTExZTYtOGY4OC0zNDM2M2JjN2M0YzAiOnsiY3JlYXRlIjoxODAwMDAwMDAwMDAwLCJkZWxldGUiOjE4MDAwMDAwMDAwMDAsInVwZGF0ZSI6MTgwMDAwMDAwMDAwMH0sInNjaGVtYV92ZXJzaW9uIjoiMSJ9",
          "dependencies": [
            "module.Du_cluster.data.google_service_account.myaccount",
            "module.Du_cluster.google_container_cluster.du-cluster"
          ]
        }
      ]
    }
  ]
}
