{
  "version": 4,
  "terraform_version": "1.1.3",
  "serial": 3,
  "lineage": "3fb8e7f5-610b-f520-1acd-38bd110a03f4",
  "outputs": {},
  "resources": [
    {
      "module": "module.Du_cluster",
      "mode": "data",
      "type": "google_service_account",
      "name": "myaccount",
      "provider": "provider[\"registry.terraform.io/hashicorp/google\"]",
      "instances": [
        {
          "schema_version": 0,
          "attributes": {
            "account_id": null,
            "display_name": null,
            "email": null,
            "id": null,
            "name": null,
            "project": null,
            "unique_id": null
          },
          "sensitive_attributes": []
        }
      ]
    },
    {
      "module": "module.Du_cluster",
      "mode": "managed",
      "type": "google_container_cluster",
      "name": "du-cluster",
      "provider": "provider[\"registry.terraform.io/hashicorp/google\"]",
      "instances": [
        {
          "schema_version": 1,
          "attributes": {
            "addons_config": [
              {
                "cloudrun_config": [],
                "dns_cache_config": [],
                "gce_persistent_disk_csi_driver_config": [
                  {
                    "enabled": true
                  }
                ],
                "gcp_filestore_csi_driver_config": [],
                "horizontal_pod_autoscaling": [],
                "http_load_balancing": [],
                "network_policy_config": [
                  {
                    "disabled": true
                  }
                ]
              }
            ],
            "authenticator_groups_config": [],
            "binary_authorization": [
              {
                "enabled": false,
                "evaluation_mode": ""
              }
            ],
            "cluster_autoscaling": [
              {
                "auto_provisioning_defaults": [],
                "enabled": false,
                "resource_limits": []
              }
            ],
            "cluster_ipv4_cidr": "10.48.0.0/14",
            "confidential_nodes": [],
            "database_encryption": [
              {
                "key_name": "",
                "state": "DECRYPTED"
              }
            ],
            "datapath_provider": "",
            "default_max_pods_per_node": null,
            "default_snat_status": [
              {
                "disabled": false
              }
            ],
            "description": "",
            "dns_config": [],
            "enable_autopilot": false,
            "enable_binary_authorization": false,
            "enable_intranode_visibility": false,
            "enable_kubernetes_alpha": false,
            "enable_legacy_abac": false,
            "enable_shielded_nodes": true,
            "enable_tpu": false,
            "endpoint": "35.246.109.61",
            "id": "projects/619997979506/locations/europe-west2-c/clusters/du-cluster",
            "initial_node_count": 1,
            "ip_allocation_policy": [],
            "label_fingerprint": "a9dc16a7",
            "location": "europe-west2-c",
            "logging_config": [
              {
                "enable_components": [
                  "SYSTEM_COMPONENTS",
                  "WORKLOADS"
                ]
              }
            ],
            "logging_service": "logging.googleapis.com/kubernetes",
            "maintenance_policy": [],
            "master_auth": [
              {
                "client_certificate": "",
                "client_certificate_config": [
                  {
                    "issue_client_certificate": false
                  }
                ],
                "client_key": "",
                "cluster_ca_certificate": "LS0tLS1CRUdJTiBDRVJUSUZJQ0FURS0tLS0tCk1JSUVMRENDQXBTZ0F3SUJBZ0lRRnFmQjgwdlROWHhZckV0N2FVU2h4VEFOQmdrcWhraUc5dzBCQVFzRkFEQXYKTVMwd0t3WURWUVFERXlRNVltWTRabUZtT0MweVpURTFMVFF3TmpjdE9UZGhaUzAxWXpjMFpEWmtOVFEzT1RJdwpJQmNOTWpJd09ESXdNakV4T1RVMVdoZ1BNakExTWpBNE1USXlNakU1TlRWYU1DOHhMVEFyQmdOVkJBTVRKRGxpClpqaG1ZV1k0TFRKbE1UVXROREEyTnkwNU4yRmxMVFZqTnpSa05tUTFORGM1TWpDQ0FhSXdEUVlKS29aSWh2Y04KQVFFQkJRQURnZ0dQQURDQ0FZb0NnZ0dCQU9HdlgxTXVRZ24yU0tQTWprQ1RsT1l0d2Q0aVhmWnRLQ2JJa1pTRwpWU1dzSlZqWG9jbG5YblFiMjR1YU9qTXRMamV4bWtLSXVpSy9kWWkxVHg3akVzeFZyOU1USXhWZFNtRU55NW5IClNkYVdLV3dEZG85cllOMTQvZzQ2NU5pTFVxeFhaTE9qeWx2emRqV0phNSs2TW13M2dIQWJwKzlZR25udC9YUWkKMzB0a3hMdUVSZWRSQmNNMkFsdDhoT3k0ZWZPbCtla3I3cmx1VlN1Rk5WeE9nZkxtUWFTZmVmZHhYeHdKY3VYcApZdzk1aEU2SkhEcE02dm41TW1XS2QxN2JaOHJsclpyWnBVZkVOengvY3llN2hsTytZUU9OcFBmbzBCVFlsZkNpClJ6WlhlWXF3c01abTZNcHBjTUpORjFxZzVaNjhyYnFXVk5TQmo5RXRiVVpUblRHeEpsUk1wQXF4aEhlVE5MK1kKY2x3eEdmMjlJOTJrbER6K05JY0ZhN3VEdHk4eGtnOXkzK2xoT1FUQXdBSEZrcytvNVhVWjhZQmR1dkM5NmozeApYVjF2MnhweVB0Qnp5ZnY5Q1pDZ09qdXpVdEo0TTRPSC9UaHNJemlWa1NsVFhSenY3Tnc0ZTBXcFdqc0JmM0RqCk9xZHlsMlAxN3F3SktLVjJmSEk3ZEw3L2JRSURBUUFCbzBJd1FEQU9CZ05WSFE4QkFmOEVCQU1DQWdRd0R3WUQKVlIwVEFRSC9CQVV3QXdFQi96QWRCZ05WSFE0RUZnUVUrWHNSdG9yWENYUGQxQjlreTVzUEo3VzByc2t3RFFZSgpLb1pJaHZjTkFRRUxCUUFEZ2dHQkFFa2pXNVNVWm9GeGs0Z2k1cC84bTFzVWNOeW04bVJ3YS80ZVBTRnVvTUM1CmRUL2RWcW9tWFFpVjlVSHgxWDk3MkxEM3FwMlFwYlh3TytvNEs4Y1FDdlRTOUpCdUVtci94U0lSVnFrS3ZsZjIKRCtlMTZya0FPQjgwYytxMVRPZlZVNG90TUdyZEgxWHZnaHl0Vllqc0tXYmQxVG5xMlJkM0swYTRvcFJZTjkzaApvSHg1QzAwZjdvc3ZEaE5LT1Q4b2M1L3NCS3NuaTBSSU4rMHBOeEhhbGtBOHdaU092b3Yxby9PRHJVRmZud0M3CmdEeE5HK0w2Znp0Y0RBT2tCMkpqYkdxeThqTFlZRVM4S0dKTGVCVjJ3UWc3cDh5dzVWVVFrVGx3NWFyeWF0SU4Ka1NqTEhyWVl3Uk1ZT09FRW8rM291YzJrRmtKdDVEVGNMbWt6VFM2MnN1eVpzeWxFeG5ldUgyY0FnckdVSEp0eAplQUdYYnZPMVJpNUh0ZUlGZDVLM3J2VWNWVXlrZFF3eUNVbmdEQ0tsQ0kxME9Va01aRW9ramFZSTNwRndUdVZyCmNRcWN4SzZwQURtMnVubk92N25IaXBYc2YxNGhLZnJKT01pRms0WEVKTVdmbHhYTGFTT2dtb2lNU3FLd3gwK2sKekY2MnliSDV6ektDVjJrdU9IQVViUT09Ci0tLS0tRU5EIENFUlRJRklDQVRFLS0tLS0K"
              }
            ],
            "master_authorized_networks_config": [],
            "master_version": "1.22.10-gke.600",
            "mesh_certificates": [],
            "min_master_version": null,
            "monitoring_config": [
              {
                "enable_components": [
                  "SYSTEM_COMPONENTS"
                ]
              }
            ],
            "monitoring_service": "monitoring.googleapis.com/kubernetes",
            "name": "du-cluster",
            "network": "projects/du-poc/global/networks/default",
            "network_policy": [
              {
                "enabled": false,
                "provider": "PROVIDER_UNSPECIFIED"
              }
            ],
            "networking_mode": "ROUTES",
            "node_config": [],
            "node_locations": [],
            "node_pool": [],
            "node_version": "1.22.10-gke.600",
            "notification_config": [
              {
                "pubsub": [
                  {
                    "enabled": false,
                    "topic": ""
                  }
                ]
              }
            ],
            "operation": null,
            "private_cluster_config": [],
            "private_ipv6_google_access": "",
            "project": "619997979506",
            "release_channel": [
              {
                "channel": "REGULAR"
              }
            ],
            "remove_default_node_pool": true,
            "resource_labels": null,
            "resource_usage_export_config": [],
            "self_link": "https://container.googleapis.com/v1/projects/du-poc/zones/europe-west2-c/clusters/du-cluster",
            "services_ipv4_cidr": "10.51.240.0/20",
            "subnetwork": "projects/du-poc/regions/europe-west2/subnetworks/default",
            "timeouts": null,
            "tpu_ipv4_cidr_block": "",
            "vertical_pod_autoscaling": [],
            "workload_identity_config": []
          },
          "sensitive_attributes": [],
          "private": "eyJlMmJmYjczMC1lY2FhLTExZTYtOGY4OC0zNDM2M2JjN2M0YzAiOnsiY3JlYXRlIjoyNDAwMDAwMDAwMDAwLCJkZWxldGUiOjI0MDAwMDAwMDAwMDAsInJlYWQiOjI0MDAwMDAwMDAwMDAsInVwZGF0ZSI6MzYwMDAwMDAwMDAwMH0sInNjaGVtYV92ZXJzaW9uIjoiMSJ9"
        }
      ]
    },
    {
      "module": "module.Du_cluster",
      "mode": "managed",
      "type": "google_container_node_pool",
      "name": "du-node-pool",
      "provider": "provider[\"registry.terraform.io/hashicorp/google\"]",
      "instances": [
        {
          "schema_version": 1,
          "attributes": {
            "autoscaling": [],
            "cluster": "projects/619997979506/locations/europe-west2-c/clusters/du-cluster",
            "id": "projects/619997979506/locations/europe-west2-c/clusters/du-cluster/nodePools/du-node-pool",
            "initial_node_count": 1,
            "instance_group_urls": [
              "https://www.googleapis.com/compute/v1/projects/619997979506/zones/europe-west2-c/instanceGroupManagers/gke-du-cluster-du-node-pool-eecf132d-grp"
            ],
            "location": "europe-west2-c",
            "managed_instance_group_urls": [
              "https://www.googleapis.com/compute/v1/projects/du-poc/zones/europe-west2-c/instanceGroups/gke-du-cluster-du-node-pool-eecf132d-grp"
            ],
            "management": [
              {
                "auto_repair": true,
                "auto_upgrade": true
              }
            ],
            "max_pods_per_node": null,
            "name": "du-node-pool",
            "name_prefix": "",
            "node_config": [
              {
                "boot_disk_kms_key": "",
                "disk_size_gb": 100,
                "disk_type": "pd-standard",
                "gcfs_config": [],
                "guest_accelerator": [],
                "gvnic": [],
                "image_type": "UBUNTU_CONTAINERD",
                "labels": {},
                "local_ssd_count": 0,
                "machine_type": "e2-medium",
                "metadata": {
                  "disable-legacy-endpoints": "true"
                },
                "min_cpu_platform": "",
                "node_group": "",
                "oauth_scopes": [
                  "https://www.googleapis.com/auth/cloud-platform"
                ],
                "preemptible": true,
                "service_account": "default",
                "shielded_instance_config": [
                  {
                    "enable_integrity_monitoring": true,
                    "enable_secure_boot": false
                  }
                ],
                "spot": false,
                "tags": null,
                "taint": [],
                "workload_metadata_config": []
              }
            ],
            "node_count": 1,
            "node_locations": [
              "europe-west2-c"
            ],
            "operation": null,
            "project": "619997979506",
            "timeouts": null,
            "upgrade_settings": [
              {
                "max_surge": 1,
                "max_unavailable": 0
              }
            ],
            "version": "1.22.10-gke.600"
          },
          "sensitive_attributes": [],
          "private": "eyJlMmJmYjczMC1lY2FhLTExZTYtOGY4OC0zNDM2M2JjN2M0YzAiOnsiY3JlYXRlIjoxODAwMDAwMDAwMDAwLCJkZWxldGUiOjE4MDAwMDAwMDAwMDAsInVwZGF0ZSI6MTgwMDAwMDAwMDAwMH0sInNjaGVtYV92ZXJzaW9uIjoiMSJ9",
          "dependencies": [
            "module.Du_cluster.data.google_service_account.myaccount",
            "module.Du_cluster.google_container_cluster.du-cluster"
          ]
        }
      ]
    }
  ]
}
